
Microsoft Visual Studio Solution File, Format Version 12.00
# Visual Studio 15
VisualStudioVersion = 15.0.27130.2036
MinimumVisualStudioVersion = 10.0.40219.1
Project("{FAE04EC0-301F-11D3-BF4B-00C04F79EFBC}") = "TRPZ-Laba1", "TRPZ-Laba1\TRPZ-Laba1.csproj", "{27761811-0B76-4259-B34D-C713B4EA23CD}"
EndProject
Global
	GlobalSection(SolutionConfigurationPlatforms) = preSolution
		Debug|Any CPU = Debug|Any CPU
		Release|Any CPU = Release|Any CPU
	EndGlobalSection
	GlobalSection(ProjectConfigurationPlatforms) = postSolution
		{27761811-0B76-4259-B34D-C713B4EA23CD}.Debug|Any CPU.ActiveCfg = Debug|Any CPU
		{27761811-0B76-4259-B34D-C713B4EA23CD}.Debug|Any CPU.Build.0 = Debug|Any CPU
		{27761811-0B76-4259-B34D-C713B4EA23CD}.Release|Any CPU.ActiveCfg = Release|Any CPU
		{27761811-0B76-4259-B34D-C713B4EA23CD}.Release|Any CPU.Build.0 = Release|Any CPU
	EndGlobalSection
	GlobalSection(SolutionProperties) = preSolution
		HideSolutionNode = FALSE
	EndGlobalSection
	GlobalSection(ExtensibilityGlobals) = postSolution
		SolutionGuid = {56C4DE84-862F-488A-B63B-192005A897B4}
	EndGlobalSection
EndGlobal
